
Microsoft Visual Studio Solution File, Format Version 12.00
# Visual Studio Version 17
VisualStudioVersion = 17.14.36616.10 d17.14
MinimumVisualStudioVersion = 10.0.40219.1
Project("{FAE04EC0-301F-11D3-BF4B-00C04F79EFBC}") = "Task4", "Task4\Task4.csproj", "{B94D1D8E-56B1-433C-B287-C2F6CD83D919}"
EndProject
Global
	GlobalSection(SolutionConfigurationPlatforms) = preSolution
		Debug|Any CPU = Debug|Any CPU
		Release|Any CPU = Release|Any CPU
	EndGlobalSection
	GlobalSection(ProjectConfigurationPlatforms) = postSolution
		{B94D1D8E-56B1-433C-B287-C2F6CD83D919}.Debug|Any CPU.ActiveCfg = Debug|Any CPU
		{B94D1D8E-56B1-433C-B287-C2F6CD83D919}.Debug|Any CPU.Build.0 = Debug|Any CPU
		{B94D1D8E-56B1-433C-B287-C2F6CD83D919}.Release|Any CPU.ActiveCfg = Release|Any CPU
		{B94D1D8E-56B1-433C-B287-C2F6CD83D919}.Release|Any CPU.Build.0 = Release|Any CPU
	EndGlobalSection
	GlobalSection(SolutionProperties) = preSolution
		HideSolutionNode = FALSE
	EndGlobalSection
	GlobalSection(ExtensibilityGlobals) = postSolution
		SolutionGuid = {24CB1ECC-884B-46D9-A240-2248F1A90B1D}
	EndGlobalSection
EndGlobal
